
Microsoft Visual Studio Solution File, Format Version 12.00
# Visual Studio Version 16
VisualStudioVersion = 16.0.30907.101
MinimumVisualStudioVersion = 15.0.26124.0
Project("{9A19103F-16F7-4668-BE54-9A1E7A4F7556}") = "BogusFaker.Application", "BogusFaker.Application\BogusFaker.Application.csproj", "{8B887D6F-289A-4432-992F-6FF57F7996D1}"
EndProject
Project("{9A19103F-16F7-4668-BE54-9A1E7A4F7556}") = "BogusFaker.Domain", "BogusFaker.Domain\BogusFaker.Domain.csproj", "{B7AD2933-C21D-4AC0-B598-C10D6A82EFB1}"
EndProject
Project("{9A19103F-16F7-4668-BE54-9A1E7A4F7556}") = "BogusFaker.Infra.Data", "BogusFaker.Infra.Data\BogusFaker.Infra.Data.csproj", "{66EBCB90-27D1-47B9-90C0-9626A7F5C456}"
EndProject
Project("{FAE04EC0-301F-11D3-BF4B-00C04F79EFBC}") = "BogusFaker.Api", "BogusFaker.Api\BogusFaker.Api.csproj", "{0E3428FA-CE30-413D-A67A-0FD40C9E301E}"
EndProject
Global
	GlobalSection(SolutionConfigurationPlatforms) = preSolution
		Debug|Any CPU = Debug|Any CPU
		Debug|x64 = Debug|x64
		Debug|x86 = Debug|x86
		Release|Any CPU = Release|Any CPU
		Release|x64 = Release|x64
		Release|x86 = Release|x86
	EndGlobalSection
	GlobalSection(ProjectConfigurationPlatforms) = postSolution
		{8B887D6F-289A-4432-992F-6FF57F7996D1}.Debug|Any CPU.ActiveCfg = Debug|Any CPU
		{8B887D6F-289A-4432-992F-6FF57F7996D1}.Debug|Any CPU.Build.0 = Debug|Any CPU
		{8B887D6F-289A-4432-992F-6FF57F7996D1}.Debug|x64.ActiveCfg = Debug|Any CPU
		{8B887D6F-289A-4432-992F-6FF57F7996D1}.Debug|x64.Build.0 = Debug|Any CPU
		{8B887D6F-289A-4432-992F-6FF57F7996D1}.Debug|x86.ActiveCfg = Debug|Any CPU
		{8B887D6F-289A-4432-992F-6FF57F7996D1}.Debug|x86.Build.0 = Debug|Any CPU
		{8B887D6F-289A-4432-992F-6FF57F7996D1}.Release|Any CPU.ActiveCfg = Release|Any CPU
		{8B887D6F-289A-4432-992F-6FF57F7996D1}.Release|Any CPU.Build.0 = Release|Any CPU
		{8B887D6F-289A-4432-992F-6FF57F7996D1}.Release|x64.ActiveCfg = Release|Any CPU
		{8B887D6F-289A-4432-992F-6FF57F7996D1}.Release|x64.Build.0 = Release|Any CPU
		{8B887D6F-289A-4432-992F-6FF57F7996D1}.Release|x86.ActiveCfg = Release|Any CPU
		{8B887D6F-289A-4432-992F-6FF57F7996D1}.Release|x86.Build.0 = Release|Any CPU
		{B7AD2933-C21D-4AC0-B598-C10D6A82EFB1}.Debug|Any CPU.ActiveCfg = Debug|Any CPU
		{B7AD2933-C21D-4AC0-B598-C10D6A82EFB1}.Debug|Any CPU.Build.0 = Debug|Any CPU
		{B7AD2933-C21D-4AC0-B598-C10D6A82EFB1}.Debug|x64.ActiveCfg = Debug|Any CPU
		{B7AD2933-C21D-4AC0-B598-C10D6A82EFB1}.Debug|x64.Build.0 = Debug|Any CPU
		{B7AD2933-C21D-4AC0-B598-C10D6A82EFB1}.Debug|x86.ActiveCfg = Debug|Any CPU
		{B7AD2933-C21D-4AC0-B598-C10D6A82EFB1}.Debug|x86.Build.0 = Debug|Any CPU
		{B7AD2933-C21D-4AC0-B598-C10D6A82EFB1}.Release|Any CPU.ActiveCfg = Release|Any CPU
		{B7AD2933-C21D-4AC0-B598-C10D6A82EFB1}.Release|Any CPU.Build.0 = Release|Any CPU
		{B7AD2933-C21D-4AC0-B598-C10D6A82EFB1}.Release|x64.ActiveCfg = Release|Any CPU
		{B7AD2933-C21D-4AC0-B598-C10D6A82EFB1}.Release|x64.Build.0 = Release|Any CPU
		{B7AD2933-C21D-4AC0-B598-C10D6A82EFB1}.Release|x86.ActiveCfg = Release|Any CPU
		{B7AD2933-C21D-4AC0-B598-C10D6A82EFB1}.Release|x86.Build.0 = Release|Any CPU
		{66EBCB90-27D1-47B9-90C0-9626A7F5C456}.Debug|Any CPU.ActiveCfg = Debug|Any CPU
		{66EBCB90-27D1-47B9-90C0-9626A7F5C456}.Debug|Any CPU.Build.0 = Debug|Any CPU
		{66EBCB90-27D1-47B9-90C0-9626A7F5C456}.Debug|x64.ActiveCfg = Debug|Any CPU
		{66EBCB90-27D1-47B9-90C0-9626A7F5C456}.Debug|x64.Build.0 = Debug|Any CPU
		{66EBCB90-27D1-47B9-90C0-9626A7F5C456}.Debug|x86.ActiveCfg = Debug|Any CPU
		{66EBCB90-27D1-47B9-90C0-9626A7F5C456}.Debug|x86.Build.0 = Debug|Any CPU
		{66EBCB90-27D1-47B9-90C0-9626A7F5C456}.Release|Any CPU.ActiveCfg = Release|Any CPU
		{66EBCB90-27D1-47B9-90C0-9626A7F5C456}.Release|Any CPU.Build.0 = Release|Any CPU
		{66EBCB90-27D1-47B9-90C0-9626A7F5C456}.Release|x64.ActiveCfg = Release|Any CPU
		{66EBCB90-27D1-47B9-90C0-9626A7F5C456}.Release|x64.Build.0 = Release|Any CPU
		{66EBCB90-27D1-47B9-90C0-9626A7F5C456}.Release|x86.ActiveCfg = Release|Any CPU
		{66EBCB90-27D1-47B9-90C0-9626A7F5C456}.Release|x86.Build.0 = Release|Any CPU
		{0E3428FA-CE30-413D-A67A-0FD40C9E301E}.Debug|Any CPU.ActiveCfg = Debug|Any CPU
		{0E3428FA-CE30-413D-A67A-0FD40C9E301E}.Debug|Any CPU.Build.0 = Debug|Any CPU
		{0E3428FA-CE30-413D-A67A-0FD40C9E301E}.Debug|x64.ActiveCfg = Debug|Any CPU
		{0E3428FA-CE30-413D-A67A-0FD40C9E301E}.Debug|x64.Build.0 = Debug|Any CPU
		{0E3428FA-CE30-413D-A67A-0FD40C9E301E}.Debug|x86.ActiveCfg = Debug|Any CPU
		{0E3428FA-CE30-413D-A67A-0FD40C9E301E}.Debug|x86.Build.0 = Debug|Any CPU
		{0E3428FA-CE30-413D-A67A-0FD40C9E301E}.Release|Any CPU.ActiveCfg = Release|Any CPU
		{0E3428FA-CE30-413D-A67A-0FD40C9E301E}.Release|Any CPU.Build.0 = Release|Any CPU
		{0E3428FA-CE30-413D-A67A-0FD40C9E301E}.Release|x64.ActiveCfg = Release|Any CPU
		{0E3428FA-CE30-413D-A67A-0FD40C9E301E}.Release|x64.Build.0 = Release|Any CPU
		{0E3428FA-CE30-413D-A67A-0FD40C9E301E}.Release|x86.ActiveCfg = Release|Any CPU
		{0E3428FA-CE30-413D-A67A-0FD40C9E301E}.Release|x86.Build.0 = Release|Any CPU
	EndGlobalSection
	GlobalSection(SolutionProperties) = preSolution
		HideSolutionNode = FALSE
	EndGlobalSection
	GlobalSection(ExtensibilityGlobals) = postSolution
		SolutionGuid = {B5CD4218-0F9A-4057-B9CE-98F15C83EAE4}
	EndGlobalSection
EndGlobal
